PODS:
  - Applozic (6.17.1):
    - SDWebImage (~> 5.1.0)
  - ApplozicSwift (4.0.1):
    - ApplozicSwift/Complete (= 4.0.1)
  - ApplozicSwift/Complete (4.0.1):
    - Applozic (~> 6.17.0)
    - ApplozicSwift/RichMessageKit
    - Kingfisher (~> 5.7.0)
    - MGSwipeTableCell (~> 1.6.9)
  - ApplozicSwift/RichMessageKit (4.0.1)
  - Flutter (1.0.0)
  - Kingfisher (5.7.1)
  - Kommunicate (3.0.0):
    - ApplozicSwift (~> 4.0.0)
  - kommunicate_flutter_plugin (0.0.1):
    - Flutter
    - Kommunicate (~> 3.0.0)
  - MGSwipeTableCell (1.6.11)
  - SDWebImage (5.1.1):
    - SDWebImage/Core (= 5.1.1)
  - SDWebImage/Core (5.1.1)

DEPENDENCIES:
  - Flutter (from `.symlinks/flutter/ios`)
  - kommunicate_flutter_plugin (from `.symlinks/plugins/kommunicate_flutter_plugin/ios`)

SPEC REPOS:
  https://github.com/cocoapods/specs.git:
    - Applozic
    - ApplozicSwift
    - Kingfisher
    - Kommunicate
    - MGSwipeTableCell
    - SDWebImage

EXTERNAL SOURCES:
  Flutter:
    :path: ".symlinks/flutter/ios"
  kommunicate_flutter_plugin:
    :path: ".symlinks/plugins/kommunicate_flutter_plugin/ios"

SPEC CHECKSUMS:
  Applozic: 222715a22ca0f8048390067ad3e44e80c78d096d
  ApplozicSwift: 75effb6ac41c4792912acca935b4990b473adc6f
  Flutter: 9d0fac939486c9aba2809b7982dfdbb47a7b0296
  Kingfisher: 176d377ad339113c99ad4980cbae687f807e20fe
  Kommunicate: 590c4faedce14cdee61c9ae551e19cdcde40f80e
  kommunicate_flutter_plugin: a811273304c2dc8e456b3492c4941de8698ad757
  MGSwipeTableCell: b804e4e450dee439c42250be90bd50458bf67fce
  SDWebImage: 96d7f03415ccb28d299d765f93557ff8a617abd8

PODFILE CHECKSUM: 198fe5827152ebc09ff4fb3859ff48f28743c019

COCOAPODS: 1.5.3
